version = 1
revision = 3
requires-python = "==3.13.*"

[[package]]
name = "anyio"
version = "4.13.0"
source = { registry = "https://pypi.org/simple" }
dependencies = [
    { name = "idna" },
]
sdist = { url = "https://files.pythonhosted.org/packages/19/14/2c5dd9f512b66549ae92767a9c7b330ae88e1932ca57876909410251fe13/anyio-4.13.0.tar.gz", hash = "sha256:334b70e641fd2221c1505b3890c69882fe4a2df910cba14d97019b90b24439dc", size = 231622, upload-time = "2026-03-24T12:59:09.671Z" }
wheels = [
    { url = "https://files.pythonhosted.org/packages/da/42/e921fccf5015463e32a3cf6ee7f980a6ed0f395ceeaa45060b61d86486c2/anyio-4.13.0-py3-none-any.whl", hash = "sha256:08b310f9e24a9594186fd75b4f73f4a4152069e3853f1ed8bfbf58369f4ad708", size = 114353, upload-time = "2026-03-24T12:59:08.246Z" },
]

[[package]]
name = "certifi"
version = "2026.2.25"
source = { registry = "https://pypi.org/simple" }
sdist = { url = "https://files.pythonhosted.org/packages/af/2d/7bf41579a8986e348fa033a31cdd0e4121114f6bce2457e8876010b092dd/certifi-2026.2.25.tar.gz", hash = "sha256:e887ab5cee78ea814d3472169153c2d12cd43b14bd03329a39a9c6e2e80bfba7", size = 155029, upload-time = "2026-02-25T02:54:17.342Z" }
wheels = [
    { url = "https://files.pythonhosted.org/packages/9a/3c/c17fb3ca2d9c3acff52e30b309f538586f9f5b9c9cf454f3845fc9af4881/certifi-2026.2.25-py3-none-any.whl", hash = "sha256:027692e4402ad994f1c42e52a4997a9763c646b73e4096e4d5d6db8af1d6f0fa", size = 153684, upload-time = "2026-02-25T02:54:15.766Z" },
]

[[package]]
name = "click"
version = "8.3.1"
source = { registry = "https://pypi.org/simple" }
dependencies = [
    { name = "colorama", marker = "sys_platform == 'win32'" },
]
sdist = { url = "https://files.pythonhosted.org/packages/3d/fa/656b739db8587d7b5dfa22e22ed02566950fbfbcdc20311993483657a5c0/click-8.3.1.tar.gz", hash = "sha256:12ff4785d337a1bb490bb7e9c2b1ee5da3112e94a8622f26a6c77f5d2fc6842a", size = 295065, upload-time = "2025-11-15T20:45:42.706Z" }
wheels = [
    { url = "https://files.pythonhosted.org/packages/98/78/01c019cdb5d6498122777c1a43056ebb3ebfeef2076d9d026bfe15583b2b/click-8.3.1-py3-none-any.whl", hash = "sha256:981153a64e25f12d547d3426c367a4857371575ee7ad18df2a6183ab0545b2a6", size = 108274, upload-time = "2025-11-15T20:45:41.139Z" },
]

[[package]]
name = "colorama"
version = "0.4.6"
source = { registry = "https://pypi.org/simple" }
sdist = { url = "https://files.pythonhosted.org/packages/d8/53/6f443c9a4a8358a93a6792e2acffb9d9d5cb0a5cfd8802644b7b1c9a02e4/colorama-0.4.6.tar.gz", hash = "sha256:08695f5cb7ed6e0531a20572697297273c47b8cae5a63ffc6d6ed5c201be6e44", size = 27697, upload-time = "2022-10-25T02:36:22.414Z" }
wheels = [
    { url = "https://files.pythonhosted.org/packages/d1/d6/3965ed04c63042e047cb6a3e6ed1a63a35087b6a609aa3a15ed8ac56c221/colorama-0.4.6-py2.py3-none-any.whl", hash = "sha256:4f1d9991f5acc0ca119f9d443620b77f9d6b33703e51011c16baf57afb285fc6", size = 25335, upload-time = "2022-10-25T02:36:20.889Z" },
]

[[package]]
name = "fastapi"
version = "0.99.1"
source = { registry = "https://pypi.org/simple" }
dependencies = [
    { name = "pydantic" },
    { name = "starlette" },
    { name = "typing-extensions" },
]
sdist = { url = "https://files.pythonhosted.org/packages/22/93/42b9998a6e28eaee90724db439e27a66b7dc6a5b9e85499add1e042141e2/fastapi-0.99.1.tar.gz", hash = "sha256:ac78f717cd80d657bd183f94d33b9bda84aa376a46a9dab513586b8eef1dc6fc", size = 10415416, upload-time = "2023-07-02T16:04:03.669Z" }
wheels = [
    { url = "https://files.pythonhosted.org/packages/73/eb/03b691afa0b5ffa1e93ed34f97ec1e7855c758efbdcfb16c209af0b0506b/fastapi-0.99.1-py3-none-any.whl", hash = "sha256:976df7bab51ac7beda9f68c4513b8c4490b5c1135c72aafd0a5ee4023ec5282e", size = 58366, upload-time = "2023-07-02T16:04:01.515Z" },
]

[[package]]
name = "greenlet"
version = "3.3.2"
source = { registry = "https://pypi.org/simple" }
sdist = { url = "https://files.pythonhosted.org/packages/a3/51/1664f6b78fc6ebbd98019a1fd730e83fa78f2db7058f72b1463d3612b8db/greenlet-3.3.2.tar.gz", hash = "sha256:2eaf067fc6d886931c7962e8c6bede15d2f01965560f3359b27c80bde2d151f2", size = 188267, upload-time = "2026-02-20T20:54:15.531Z" }
wheels = [
    { url = "https://files.pythonhosted.org/packages/ac/48/f8b875fa7dea7dd9b33245e37f065af59df6a25af2f9561efa8d822fde51/greenlet-3.3.2-cp313-cp313-macosx_11_0_universal2.whl", hash = "sha256:aa6ac98bdfd716a749b84d4034486863fd81c3abde9aa3cf8eff9127981a4ae4", size = 279120, upload-time = "2026-02-20T20:19:01.9Z" },
    { url = "https://files.pythonhosted.org/packages/49/8d/9771d03e7a8b1ee456511961e1b97a6d77ae1dea4a34a5b98eee706689d3/greenlet-3.3.2-cp313-cp313-manylinux_2_24_aarch64.manylinux_2_28_aarch64.whl", hash = "sha256:ab0c7e7901a00bc0a7284907273dc165b32e0d109a6713babd04471327ff7986", size = 603238, upload-time = "2026-02-20T20:47:32.873Z" },
    { url = "https://files.pythonhosted.org/packages/59/0e/4223c2bbb63cd5c97f28ffb2a8aee71bdfb30b323c35d409450f51b91e3e/greenlet-3.3.2-cp313-cp313-manylinux_2_24_ppc64le.manylinux_2_28_ppc64le.whl", hash = "sha256:d248d8c23c67d2291ffd47af766e2a3aa9fa1c6703155c099feb11f526c63a92", size = 614219, upload-time = "2026-02-20T20:55:59.817Z" },
    { url = "https://files.pythonhosted.org/packages/94/2b/4d012a69759ac9d77210b8bfb128bc621125f5b20fc398bce3940d036b1c/greenlet-3.3.2-cp313-cp313-manylinux_2_24_s390x.manylinux_2_28_s390x.whl", hash = "sha256:ccd21bb86944ca9be6d967cf7691e658e43417782bce90b5d2faeda0ff78a7dd", size = 628268, upload-time = "2026-02-20T21:02:48.024Z" },
    { url = "https://files.pythonhosted.org/packages/7a/34/259b28ea7a2a0c904b11cd36c79b8cef8019b26ee5dbe24e73b469dea347/greenlet-3.3.2-cp313-cp313-manylinux_2_24_x86_64.manylinux_2_28_x86_64.whl", hash = "sha256:b6997d360a4e6a4e936c0f9625b1c20416b8a0ea18a8e19cabbefc712e7397ab", size = 616774, upload-time = "2026-02-20T20:21:02.454Z" },
    { url = "https://files.pythonhosted.org/packages/0a/03/996c2d1689d486a6e199cb0f1cf9e4aa940c500e01bdf201299d7d61fa69/greenlet-3.3.2-cp313-cp313-musllinux_1_2_aarch64.whl", hash = "sha256:64970c33a50551c7c50491671265d8954046cb6e8e2999aacdd60e439b70418a", size = 1571277, upload-time = "2026-02-20T20:49:34.795Z" },
    { url = "https://files.pythonhosted.org/packages/d9/c4/2570fc07f34a39f2caf0bf9f24b0a1a0a47bc2e8e465b2c2424821389dfc/greenlet-3.3.2-cp313-cp313-musllinux_1_2_x86_64.whl", hash = "sha256:1a9172f5bf6bd88e6ba5a84e0a68afeac9dc7b6b412b245dd64f52d83c81e55b", size = 1640455, upload-time = "2026-02-20T20:21:10.261Z" },
    { url = "https://files.pythonhosted.org/packages/91/39/5ef5aa23bc545aa0d31e1b9b55822b32c8da93ba657295840b6b34124009/greenlet-3.3.2-cp313-cp313-win_amd64.whl", hash = "sha256:a7945dd0eab63ded0a48e4dcade82939783c172290a7903ebde9e184333ca124", size = 230961, upload-time = "2026-02-20T20:16:58.461Z" },
    { url = "https://files.pythonhosted.org/packages/62/6b/a89f8456dcb06becff288f563618e9f20deed8dd29beea14f9a168aef64b/greenlet-3.3.2-cp313-cp313-win_arm64.whl", hash = "sha256:394ead29063ee3515b4e775216cb756b2e3b4a7e55ae8fd884f17fa579e6b327", size = 230221, upload-time = "2026-02-20T20:17:37.152Z" },
]

[[package]]
name = "h11"
version = "0.16.0"
source = { registry = "https://pypi.org/simple" }
sdist = { url = "https://files.pythonhosted.org/packages/01/ee/02a2c011bdab74c6fb3c75474d40b3052059d95df7e73351460c8588d963/h11-0.16.0.tar.gz", hash = "sha256:4e35b956cf45792e4caa5885e69fba00bdbc6ffafbfa020300e549b208ee5ff1", size = 101250, upload-time = "2025-04-24T03:35:25.427Z" }
wheels = [
    { url = "https://files.pythonhosted.org/packages/04/4b/29cac41a4d98d144bf5f6d33995617b185d14b22401f75ca86f384e87ff1/h11-0.16.0-py3-none-any.whl", hash = "sha256:63cf8bbe7522de3bf65932fda1d9c2772064ffb3dae62d55932da54b31cb6c86", size = 37515, upload-time = "2025-04-24T03:35:24.344Z" },
]

[[package]]
name = "httpcore"
version = "1.0.9"
source = { registry = "https://pypi.org/simple" }
dependencies = [
    { name = "certifi" },
    { name = "h11" },
]
sdist = { url = "https://files.pythonhosted.org/packages/06/94/82699a10bca87a5556c9c59b5963f2d039dbd239f25bc2a63907a05a14cb/httpcore-1.0.9.tar.gz", hash = "sha256:6e34463af53fd2ab5d807f399a9b45ea31c3dfa2276f15a2c3f00afff6e176e8", size = 85484, upload-time = "2025-04-24T22:06:22.219Z" }
wheels = [
    { url = "https://files.pythonhosted.org/packages/7e/f5/f66802a942d491edb555dd61e3a9961140fd64c90bce1eafd741609d334d/httpcore-1.0.9-py3-none-any.whl", hash = "sha256:2d400746a40668fc9dec9810239072b40b4484b640a8c38fd654a024c7a1bf55", size = 78784, upload-time = "2025-04-24T22:06:20.566Z" },
]

[[package]]
name = "httpx"
version = "0.28.1"
source = { registry = "https://pypi.org/simple" }
dependencies = [
    { name = "anyio" },
    { name = "certifi" },
    { name = "httpcore" },
    { name = "idna" },
]
sdist = { url = "https://files.pythonhosted.org/packages/b1/df/48c586a5fe32a0f01324ee087459e112ebb7224f646c0b5023f5e79e9956/httpx-0.28.1.tar.gz", hash = "sha256:75e98c5f16b0f35b567856f597f06ff2270a374470a5c2392242528e3e3e42fc", size = 141406, upload-time = "2024-12-06T15:37:23.222Z" }
wheels = [
    { url = "https://files.pythonhosted.org/packages/2a/39/e50c7c3a983047577ee07d2a9e53faf5a69493943ec3f6a384bdc792deb2/httpx-0.28.1-py3-none-any.whl", hash = "sha256:d909fcccc110f8c7faf814ca82a9a4d816bc5a6dbfea25d6591d6985b8ba59ad", size = 73517, upload-time = "2024-12-06T15:37:21.509Z" },
]

[[package]]
name = "idna"
version = "3.11"
source = { registry = "https://pypi.org/simple" }
sdist = { url = "https://files.pythonhosted.org/packages/6f/6d/0703ccc57f3a7233505399edb88de3cbd678da106337b9fcde432b65ed60/idna-3.11.tar.gz", hash = "sha256:795dafcc9c04ed0c1fb032c2aa73654d8e8c5023a7df64a53f39190ada629902", size = 194582, upload-time = "2025-10-12T14:55:20.501Z" }
wheels = [
    { url = "https://files.pythonhosted.org/packages/0e/61/66938bbb5fc52dbdf84594873d5b51fb1f7c7794e9c0f5bd885f30bc507b/idna-3.11-py3-none-any.whl", hash = "sha256:771a87f49d9defaf64091e6e6fe9c18d4833f140bd19464795bc32d966ca37ea", size = 71008, upload-time = "2025-10-12T14:55:18.883Z" },
]

[[package]]
name = "itsdangerous"
version = "2.2.0"
source = { registry = "https://pypi.org/simple" }
sdist = { url = "https://files.pythonhosted.org/packages/9c/cb/8ac0172223afbccb63986cc25049b154ecfb5e85932587206f42317be31d/itsdangerous-2.2.0.tar.gz", hash = "sha256:e0050c0b7da1eea53ffaf149c0cfbb5c6e2e2b69c4bef22c81fa6eb73e5f6173", size = 54410, upload-time = "2024-04-16T21:28:15.614Z" }
wheels = [
    { url = "https://files.pythonhosted.org/packages/04/96/92447566d16df59b2a776c0fb82dbc4d9e07cd95062562af01e408583fc4/itsdangerous-2.2.0-py3-none-any.whl", hash = "sha256:c6242fc49e35958c8b15141343aa660db5fc54d4f13a1db01a3f5891b98700ef", size = 16234, upload-time = "2024-04-16T21:28:14.499Z" },
]

[[package]]
name = "jinja2"
version = "3.1.6"
source = { registry = "https://pypi.org/simple" }
dependencies = [
    { name = "markupsafe" },
]
sdist = { url = "https://files.pythonhosted.org/packages/df/bf/f7da0350254c0ed7c72f3e33cef02e048281fec7ecec5f032d4aac52226b/jinja2-3.1.6.tar.gz", hash = "sha256:0137fb05990d35f1275a587e9aee6d56da821fc83491a0fb838183be43f66d6d", size = 245115, upload-time = "2025-03-05T20:05:02.478Z" }
wheels = [
    { url = "https://files.pythonhosted.org/packages/62/a1/3d680cbfd5f4b8f15abc1d571870c5fc3e594bb582bc3b64ea099db13e56/jinja2-3.1.6-py3-none-any.whl", hash = "sha256:85ece4451f492d0c13c5dd7c13a64681a86afae63a5f347908daf103ce6d2f67", size = 134899, upload-time = "2025-03-05T20:05:00.369Z" },
]

[[package]]
name = "markupsafe"
version = "3.0.3"
source = { registry = "https://pypi.org/simple" }
sdist = { url = "https://files.pythonhosted.org/packages/7e/99/7690b6d4034fffd95959cbe0c02de8deb3098cc577c67bb6a24fe5d7caa7/markupsafe-3.0.3.tar.gz", hash = "sha256:722695808f4b6457b320fdc131280796bdceb04ab50fe1795cd540799ebe1698", size = 80313, upload-time = "2025-09-27T18:37:40.426Z" }
wheels = [
    { url = "https://files.pythonhosted.org/packages/38/2f/907b9c7bbba283e68f20259574b13d005c121a0fa4c175f9bed27c4597ff/markupsafe-3.0.3-cp313-cp313-macosx_10_13_x86_64.whl", hash = "sha256:e1cf1972137e83c5d4c136c43ced9ac51d0e124706ee1c8aa8532c1287fa8795", size = 11622, upload-time = "2025-09-27T18:36:41.777Z" },
    { url = "https://files.pythonhosted.org/packages/9c/d9/5f7756922cdd676869eca1c4e3c0cd0df60ed30199ffd775e319089cb3ed/markupsafe-3.0.3-cp313-cp313-macosx_11_0_arm64.whl", hash = "sha256:116bb52f642a37c115f517494ea5feb03889e04df47eeff5b130b1808ce7c219", size = 12029, upload-time = "2025-09-27T18:36:43.257Z" },
    { url = "https://files.pythonhosted.org/packages/00/07/575a68c754943058c78f30db02ee03a64b3c638586fba6a6dd56830b30a3/markupsafe-3.0.3-cp313-cp313-manylinux2014_aarch64.manylinux_2_17_aarch64.manylinux_2_28_aarch64.whl", hash = "sha256:133a43e73a802c5562be9bbcd03d090aa5a1fe899db609c29e8c8d815c5f6de6", size = 24374, upload-time = "2025-09-27T18:36:44.508Z" },
    { url = "https://files.pythonhosted.org/packages/a9/21/9b05698b46f218fc0e118e1f8168395c65c8a2c750ae2bab54fc4bd4e0e8/markupsafe-3.0.3-cp313-cp313-manylinux2014_x86_64.manylinux_2_17_x86_64.manylinux_2_28_x86_64.whl", hash = "sha256:ccfcd093f13f0f0b7fdd0f198b90053bf7b2f02a3927a30e63f3ccc9df56b676", size = 22980, upload-time = "2025-09-27T18:36:45.385Z" },
    { url = "https://files.pythonhosted.org/packages/7f/71/544260864f893f18b6827315b988c146b559391e6e7e8f7252839b1b846a/markupsafe-3.0.3-cp313-cp313-manylinux_2_31_riscv64.manylinux_2_39_riscv64.whl", hash = "sha256:509fa21c6deb7a7a273d629cf5ec029bc209d1a51178615ddf718f5918992ab9", size = 21990, upload-time = "2025-09-27T18:36:46.916Z" },
    { url = "https://files.pythonhosted.org/packages/c2/28/b50fc2f74d1ad761af2f5dcce7492648b983d00a65b8c0e0cb457c82ebbe/markupsafe-3.0.3-cp313-cp313-musllinux_1_2_aarch64.whl", hash = "sha256:a4afe79fb3de0b7097d81da19090f4df4f8d3a2b3adaa8764138aac2e44f3af1", size = 23784, upload-time = "2025-09-27T18:36:47.884Z" },
    { url = "https://files.pythonhosted.org/packages/ed/76/104b2aa106a208da8b17a2fb72e033a5a9d7073c68f7e508b94916ed47a9/markupsafe-3.0.3-cp313-cp313-musllinux_1_2_riscv64.whl", hash = "sha256:795e7751525cae078558e679d646ae45574b47ed6e7771863fcc079a6171a0fc", size = 21588, upload-time = "2025-09-27T18:36:48.82Z" },
    { url = "https://files.pythonhosted.org/packages/b5/99/16a5eb2d140087ebd97180d95249b00a03aa87e29cc224056274f2e45fd6/markupsafe-3.0.3-cp313-cp313-musllinux_1_2_x86_64.whl", hash = "sha256:8485f406a96febb5140bfeca44a73e3ce5116b2501ac54fe953e488fb1d03b12", size = 23041, upload-time = "2025-09-27T18:36:49.797Z" },
    { url = "https://files.pythonhosted.org/packages/19/bc/e7140ed90c5d61d77cea142eed9f9c303f4c4806f60a1044c13e3f1471d0/markupsafe-3.0.3-cp313-cp313-win32.whl", hash = "sha256:bdd37121970bfd8be76c5fb069c7751683bdf373db1ed6c010162b2a130248ed", size = 14543, upload-time = "2025-09-27T18:36:51.584Z" },
    { url = "https://files.pythonhosted.org/packages/05/73/c4abe620b841b6b791f2edc248f556900667a5a1cf023a6646967ae98335/markupsafe-3.0.3-cp313-cp313-win_amd64.whl", hash = "sha256:9a1abfdc021a164803f4d485104931fb8f8c1efd55bc6b748d2f5774e78b62c5", size = 15113, upload-time = "2025-09-27T18:36:52.537Z" },
    { url = "https://files.pythonhosted.org/packages/f0/3a/fa34a0f7cfef23cf9500d68cb7c32dd64ffd58a12b09225fb03dd37d5b80/markupsafe-3.0.3-cp313-cp313-win_arm64.whl", hash = "sha256:7e68f88e5b8799aa49c85cd116c932a1ac15caaa3f5db09087854d218359e485", size = 13911, upload-time = "2025-09-27T18:36:53.513Z" },
    { url = "https://files.pythonhosted.org/packages/e4/d7/e05cd7efe43a88a17a37b3ae96e79a19e846f3f456fe79c57ca61356ef01/markupsafe-3.0.3-cp313-cp313t-macosx_10_13_x86_64.whl", hash = "sha256:218551f6df4868a8d527e3062d0fb968682fe92054e89978594c28e642c43a73", size = 11658, upload-time = "2025-09-27T18:36:54.819Z" },
    { url = "https://files.pythonhosted.org/packages/99/9e/e412117548182ce2148bdeacdda3bb494260c0b0184360fe0d56389b523b/markupsafe-3.0.3-cp313-cp313t-macosx_11_0_arm64.whl", hash = "sha256:3524b778fe5cfb3452a09d31e7b5adefeea8c5be1d43c4f810ba09f2ceb29d37", size = 12066, upload-time = "2025-09-27T18:36:55.714Z" },
    { url = "https://files.pythonhosted.org/packages/bc/e6/fa0ffcda717ef64a5108eaa7b4f5ed28d56122c9a6d70ab8b72f9f715c80/markupsafe-3.0.3-cp313-cp313t-manylinux2014_aarch64.manylinux_2_17_aarch64.manylinux_2_28_aarch64.whl", hash = "sha256:4e885a3d1efa2eadc93c894a21770e4bc67899e3543680313b09f139e149ab19", size = 25639, upload-time = "2025-09-27T18:36:56.908Z" },
    { url = "https://files.pythonhosted.org/packages/96/ec/2102e881fe9d25fc16cb4b25d5f5cde50970967ffa5dddafdb771237062d/markupsafe-3.0.3-cp313-cp313t-manylinux2014_x86_64.manylinux_2_17_x86_64.manylinux_2_28_x86_64.whl", hash = "sha256:8709b08f4a89aa7586de0aadc8da56180242ee0ada3999749b183aa23df95025", size = 23569, upload-time = "2025-09-27T18:36:57.913Z" },
    { url = "https://files.pythonhosted.org/packages/4b/30/6f2fce1f1f205fc9323255b216ca8a235b15860c34b6798f810f05828e32/markupsafe-3.0.3-cp313-cp313t-manylinux_2_31_riscv64.manylinux_2_39_riscv64.whl", hash = "sha256:b8512a91625c9b3da6f127803b166b629725e68af71f8184ae7e7d54686a56d6", size = 23284, upload-time = "2025-09-27T18:36:58.833Z" },
    { url = "https://files.pythonhosted.org/packages/58/47/4a0ccea4ab9f5dcb6f79c0236d954acb382202721e704223a8aafa38b5c8/markupsafe-3.0.3-cp313-cp313t-musllinux_1_2_aarch64.whl", hash = "sha256:9b79b7a16f7fedff2495d684f2b59b0457c3b493778c9eed31111be64d58279f", size = 24801, upload-time = "2025-09-27T18:36:59.739Z" },
    { url = "https://files.pythonhosted.org/packages/6a/70/3780e9b72180b6fecb83a4814d84c3bf4b4ae4bf0b19c27196104149734c/markupsafe-3.0.3-cp313-cp313t-musllinux_1_2_riscv64.whl", hash = "sha256:12c63dfb4a98206f045aa9563db46507995f7ef6d83b2f68eda65c307c6829eb", size = 22769, upload-time = "2025-09-27T18:37:00.719Z" },
    { url = "https://files.pythonhosted.org/packages/98/c5/c03c7f4125180fc215220c035beac6b9cb684bc7a067c84fc69414d315f5/markupsafe-3.0.3-cp313-cp313t-musllinux_1_2_x86_64.whl", hash = "sha256:8f71bc33915be5186016f675cd83a1e08523649b0e33efdb898db577ef5bb009", size = 23642, upload-time = "2025-09-27T18:37:01.673Z" },
    { url = "https://files.pythonhosted.org/packages/80/d6/2d1b89f6ca4bff1036499b1e29a1d02d282259f3681540e16563f27ebc23/markupsafe-3.0.3-cp313-cp313t-win32.whl", hash = "sha256:69c0b73548bc525c8cb9a251cddf1931d1db4d2258e9599c28c07ef3580ef354", size = 14612, upload-time = "2025-09-27T18:37:02.639Z" },
    { url = "https://files.pythonhosted.org/packages/2b/98/e48a4bfba0a0ffcf9925fe2d69240bfaa19c6f7507b8cd09c70684a53c1e/markupsafe-3.0.3-cp313-cp313t-win_amd64.whl", hash = "sha256:1b4b79e8ebf6b55351f0d91fe80f893b4743f104bff22e90697db1590e47a218", size = 15200, upload-time = "2025-09-27T18:37:03.582Z" },
    { url = "https://files.pythonhosted.org/packages/0e/72/e3cc540f351f316e9ed0f092757459afbc595824ca724cbc5a5d4263713f/markupsafe-3.0.3-cp313-cp313t-win_arm64.whl", hash = "sha256:ad2cf8aa28b8c020ab2fc8287b0f823d0a7d8630784c31e9ee5edea20f406287", size = 13973, upload-time = "2025-09-27T18:37:04.929Z" },
]

[[package]]
name = "pydantic"
version = "1.10.26"
source = { registry = "https://pypi.org/simple" }
dependencies = [
    { name = "typing-extensions" },
]
sdist = { url = "https://files.pythonhosted.org/packages/7b/da/fd89f987a376c807cd81ea0eff4589aade783bbb702637b4734ef2c743a2/pydantic-1.10.26.tar.gz", hash = "sha256:8c6aa39b494c5af092e690127c283d84f363ac36017106a9e66cb33a22ac412e", size = 357906, upload-time = "2025-12-18T15:47:46.557Z" }
wheels = [
    { url = "https://files.pythonhosted.org/packages/28/b9/17a5a5a421c23ac27486b977724a42c9d5f8b7f0f4aab054251066223900/pydantic-1.10.26-cp313-cp313-macosx_10_13_x86_64.whl", hash = "sha256:1ae7913bb40a96c87e3d3f6fe4e918ef53bf181583de4e71824360a9b11aef1c", size = 2494599, upload-time = "2025-12-18T15:47:00.209Z" },
    { url = "https://files.pythonhosted.org/packages/e6/8e/6e3bd4241076cf227b443d7577245dd5d181ecf40b3182fcb908bc8c197d/pydantic-1.10.26-cp313-cp313-macosx_11_0_arm64.whl", hash = "sha256:8154c13f58d4de5d3a856bb6c909c7370f41fb876a5952a503af6b975265f4ba", size = 2254391, upload-time = "2025-12-18T15:47:02.268Z" },
    { url = "https://files.pythonhosted.org/packages/a8/30/a1c4092eda2145ecbead6c92db489b223e101e1ba0da82576d0cf73dd422/pydantic-1.10.26-cp313-cp313-manylinux2014_x86_64.manylinux_2_17_x86_64.whl", hash = "sha256:f8af0507bf6118b054a9765fb2e402f18a8b70c964f420d95b525eb711122d62", size = 2609445, upload-time = "2025-12-18T15:47:04.909Z" },
    { url = "https://files.pythonhosted.org/packages/3a/2a/0491f1729ee4b7b6bc859ec22f69752f0c09bee1b66ac6f5f701136f34c3/pydantic-1.10.26-cp313-cp313-musllinux_1_2_x86_64.whl", hash = "sha256:dcb5a7318fb43189fde6af6f21ac7149c4bcbcfffc54bc87b5becddc46084847", size = 2732124, upload-time = "2025-12-18T15:47:07.464Z" },
    { url = "https://files.pythonhosted.org/packages/2a/56/b59f3b2f84e1df2b04ae768a1bb04d9f0288ff71b67cdcbb07683757b2c0/pydantic-1.10.26-cp313-cp313-win_amd64.whl", hash = "sha256:71cde228bc0600cf8619f0ee62db050d1880dcc477eba0e90b23011b4ee0f314", size = 1939888, upload-time = "2025-12-18T15:47:09.618Z" },
    { url = "https://files.pythonhosted.org/packages/1f/98/556e82f00b98486def0b8af85da95e69d2be7e367cf2431408e108bc3095/pydantic-1.10.26-py3-none-any.whl", hash = "sha256:c43ad70dc3ce7787543d563792426a16fd7895e14be4b194b5665e36459dd917", size = 166975, upload-time = "2025-12-18T15:47:44.927Z" },
]

[[package]]
name = "python-multipart"
version = "0.0.22"
source = { registry = "https://pypi.org/simple" }
sdist = { url = "https://files.pythonhosted.org/packages/94/01/979e98d542a70714b0cb2b6728ed0b7c46792b695e3eaec3e20711271ca3/python_multipart-0.0.22.tar.gz", hash = "sha256:7340bef99a7e0032613f56dc36027b959fd3b30a787ed62d310e951f7c3a3a58", size = 37612, upload-time = "2026-01-25T10:15:56.219Z" }
wheels = [
    { url = "https://files.pythonhosted.org/packages/1b/d0/397f9626e711ff749a95d96b7af99b9c566a9bb5129b8e4c10fc4d100304/python_multipart-0.0.22-py3-none-any.whl", hash = "sha256:2b2cd894c83d21bf49d702499531c7bafd057d730c201782048f7945d82de155", size = 24579, upload-time = "2026-01-25T10:15:54.811Z" },
]

[[package]]
name = "ruff"
version = "0.15.9"
source = { registry = "https://pypi.org/simple" }
sdist = { url = "https://files.pythonhosted.org/packages/e6/97/e9f1ca355108ef7194e38c812ef40ba98c7208f47b13ad78d023caa583da/ruff-0.15.9.tar.gz", hash = "sha256:29cbb1255a9797903f6dde5ba0188c707907ff44a9006eb273b5a17bfa0739a2", size = 4617361, upload-time = "2026-04-02T18:17:20.829Z" }
wheels = [
    { url = "https://files.pythonhosted.org/packages/0b/1f/9cdfd0ac4b9d1e5a6cf09bedabdf0b56306ab5e333c85c87281273e7b041/ruff-0.15.9-py3-none-linux_armv6l.whl", hash = "sha256:6efbe303983441c51975c243e26dff328aca11f94b70992f35b093c2e71801e1", size = 10511206, upload-time = "2026-04-02T18:16:41.574Z" },
    { url = "https://files.pythonhosted.org/packages/3d/f6/32bfe3e9c136b35f02e489778d94384118bb80fd92c6d92e7ccd97db12ce/ruff-0.15.9-py3-none-macosx_10_12_x86_64.whl", hash = "sha256:4965bac6ac9ea86772f4e23587746f0b7a395eccabb823eb8bfacc3fa06069f7", size = 10923307, upload-time = "2026-04-02T18:17:08.645Z" },
    { url = "https://files.pythonhosted.org/packages/ca/25/de55f52ab5535d12e7aaba1de37a84be6179fb20bddcbe71ec091b4a3243/ruff-0.15.9-py3-none-macosx_11_0_arm64.whl", hash = "sha256:eaf05aad70ca5b5a0a4b0e080df3a6b699803916d88f006efd1f5b46302daab8", size = 10316722, upload-time = "2026-04-02T18:16:44.206Z" },
    { url = "https://files.pythonhosted.org/packages/48/11/690d75f3fd6278fe55fff7c9eb429c92d207e14b25d1cae4064a32677029/ruff-0.15.9-py3-none-manylinux_2_17_aarch64.manylinux2014_aarch64.whl", hash = "sha256:9439a342adb8725f32f92732e2bafb6d5246bd7a5021101166b223d312e8fc59", size = 10623674, upload-time = "2026-04-02T18:16:50.951Z" },
    { url = "https://files.pythonhosted.org/packages/bd/ec/176f6987be248fc5404199255522f57af1b4a5a1b57727e942479fec98ad/ruff-0.15.9-py3-none-manylinux_2_17_armv7l.manylinux2014_armv7l.whl", hash = "sha256:9c5e6faf9d97c8edc43877c3f406f47446fc48c40e1442d58cfcdaba2acea745", size = 10351516, upload-time = "2026-04-02T18:16:57.206Z" },
    { url = "https://files.pythonhosted.org/packages/b2/fc/51cffbd2b3f240accc380171d51446a32aa2ea43a40d4a45ada67368fbd2/ruff-0.15.9-py3-none-manylinux_2_17_i686.manylinux2014_i686.whl", hash = "sha256:7b34a9766aeec27a222373d0b055722900fbc0582b24f39661aa96f3fe6ad901", size = 11150202, upload-time = "2026-04-02T18:17:06.452Z" },
    { url = "https://files.pythonhosted.org/packages/d6/d4/25292a6dfc125f6b6528fe6af31f5e996e19bf73ca8e3ce6eb7fa5b95885/ruff-0.15.9-py3-none-manylinux_2_17_ppc64le.manylinux2014_ppc64le.whl", hash = "sha256:89dd695bc72ae76ff484ae54b7e8b0f6b50f49046e198355e44ea656e521fef9", size = 11988891, upload-time = "2026-04-02T18:17:18.575Z" },
    { url = "https://files.pythonhosted.org/packages/13/e1/1eebcb885c10e19f969dcb93d8413dfee8172578709d7ee933640f5e7147/ruff-0.15.9-py3-none-manylinux_2_17_s390x.manylinux2014_s390x.whl", hash = "sha256:ce187224ef1de1bd225bc9a152ac7102a6171107f026e81f317e4257052916d5", size = 11480576, upload-time = "2026-04-02T18:16:52.986Z" },
    { url = "https://files.pythonhosted.org/packages/ff/6b/a1548ac378a78332a4c3dcf4a134c2475a36d2a22ddfa272acd574140b50/ruff-0.15.9-py3-none-manylinux_2_17_x86_64.manylinux2014_x86_64.whl", hash = "sha256:2b0c7c341f68adb01c488c3b7d4b49aa8ea97409eae6462d860a79cf55f431b6", size = 11254525, upload-time = "2026-04-02T18:17:02.041Z" },
    { url = "https://files.pythonhosted.org/packages/42/aa/4bb3af8e61acd9b1281db2ab77e8b2c3c5e5599bf2a29d4a942f1c62b8d6/ruff-0.15.9-py3-none-manylinux_2_31_riscv64.whl", hash = "sha256:55cc15eee27dc0eebdfcb0d185a6153420efbedc15eb1d38fe5e685657b0f840", size = 11204072, upload-time = "2026-04-02T18:17:13.581Z" },
    { url = "https://files.pythonhosted.org/packages/69/48/d550dc2aa6e423ea0bcc1d0ff0699325ffe8a811e2dba156bd80750b86dc/ruff-0.15.9-py3-none-musllinux_1_2_aarch64.whl", hash = "sha256:a6537f6eed5cda688c81073d46ffdfb962a5f29ecb6f7e770b2dc920598997ed", size = 10594998, upload-time = "2026-04-02T18:16:46.369Z" },
    { url = "https://files.pythonhosted.org/packages/63/47/321167e17f5344ed5ec6b0aa2cff64efef5f9e985af8f5622cfa6536043f/ruff-0.15.9-py3-none-musllinux_1_2_armv7l.whl", hash = "sha256:6d3fcbca7388b066139c523bda744c822258ebdcfbba7d24410c3f454cc9af71", size = 10359769, upload-time = "2026-04-02T18:17:10.994Z" },
    { url = "https://files.pythonhosted.org/packages/67/5e/074f00b9785d1d2c6f8c22a21e023d0c2c1817838cfca4c8243200a1fa87/ruff-0.15.9-py3-none-musllinux_1_2_i686.whl", hash = "sha256:058d8e99e1bfe79d8a0def0b481c56059ee6716214f7e425d8e737e412d69677", size = 10850236, upload-time = "2026-04-02T18:16:48.749Z" },
    { url = "https://files.pythonhosted.org/packages/76/37/804c4135a2a2caf042925d30d5f68181bdbd4461fd0d7739da28305df593/ruff-0.15.9-py3-none-musllinux_1_2_x86_64.whl", hash = "sha256:8e1ddb11dbd61d5983fa2d7d6370ef3eb210951e443cace19594c01c72abab4c", size = 11358343, upload-time = "2026-04-02T18:16:55.068Z" },
    { url = "https://files.pythonhosted.org/packages/88/3d/1364fcde8656962782aa9ea93c92d98682b1ecec2f184e625a965ad3b4a6/ruff-0.15.9-py3-none-win32.whl", hash = "sha256:bde6ff36eaf72b700f32b7196088970bf8fdb2b917b7accd8c371bfc0fd573ec", size = 10583382, upload-time = "2026-04-02T18:17:04.261Z" },
    { url = "https://files.pythonhosted.org/packages/4c/56/5c7084299bd2cacaa07ae63a91c6f4ba66edc08bf28f356b24f6b717c799/ruff-0.15.9-py3-none-win_amd64.whl", hash = "sha256:45a70921b80e1c10cf0b734ef09421f71b5aa11d27404edc89d7e8a69505e43d", size = 11744969, upload-time = "2026-04-02T18:16:59.611Z" },
    { url = "https://files.pythonhosted.org/packages/03/36/76704c4f312257d6dbaae3c959add2a622f63fcca9d864659ce6d8d97d3d/ruff-0.15.9-py3-none-win_arm64.whl", hash = "sha256:0694e601c028fd97dc5c6ee244675bc241aeefced7ef80cd9c6935a871078f53", size = 11005870, upload-time = "2026-04-02T18:17:15.773Z" },
]

[[package]]
name = "sqladmin"
version = "0.24.0"
source = { registry = "https://pypi.org/simple" }
dependencies = [
    { name = "jinja2" },
    { name = "python-multipart" },
    { name = "sqlalchemy" },
    { name = "starlette" },
    { name = "wtforms" },
]
sdist = { url = "https://files.pythonhosted.org/packages/dd/34/33fec68662aadddae8bbeb815653062298516d3330d68925888a0814ca03/sqladmin-0.24.0.tar.gz", hash = "sha256:186680182855c30d9b912267bd5a5f66493b15ee2f8ca296d16c420faa6cfb96", size = 1437857, upload-time = "2026-03-30T12:55:01.812Z" }
wheels = [
    { url = "https://files.pythonhosted.org/packages/70/06/7901983e5ce10948cde3e15ea906ab031a7ab35c7521843cca1379eff611/sqladmin-0.24.0-py3-none-any.whl", hash = "sha256:ff9b9ad29723bc23334f6f37953250817e9fc2347d4bdcc3a64920dbeb5e742a", size = 1451273, upload-time = "2026-03-30T12:55:03.034Z" },
]

[[package]]
name = "sqlalchemy"
version = "2.0.48"
source = { registry = "https://pypi.org/simple" }
dependencies = [
    { name = "greenlet", marker = "platform_machine == 'AMD64' or platform_machine == 'WIN32' or platform_machine == 'aarch64' or platform_machine == 'amd64' or platform_machine == 'ppc64le' or platform_machine == 'win32' or platform_machine == 'x86_64'" },
    { name = "typing-extensions" },
]
sdist = { url = "https://files.pythonhosted.org/packages/1f/73/b4a9737255583b5fa858e0bb8e116eb94b88c910164ed2ed719147bde3de/sqlalchemy-2.0.48.tar.gz", hash = "sha256:5ca74f37f3369b45e1f6b7b06afb182af1fd5dde009e4ffd831830d98cbe5fe7", size = 9886075, upload-time = "2026-03-02T15:28:51.474Z" }
wheels = [
    { url = "https://files.pythonhosted.org/packages/d1/c6/569dc8bf3cd375abc5907e82235923e986799f301cd79a903f784b996fca/sqlalchemy-2.0.48-cp313-cp313-macosx_11_0_arm64.whl", hash = "sha256:e3070c03701037aa418b55d36532ecb8f8446ed0135acb71c678dbdf12f5b6e4", size = 2152599, upload-time = "2026-03-02T15:49:14.41Z" },
    { url = "https://files.pythonhosted.org/packages/6d/ff/f4e04a4bd5a24304f38cb0d4aa2ad4c0fb34999f8b884c656535e1b2b74c/sqlalchemy-2.0.48-cp313-cp313-manylinux2014_aarch64.manylinux_2_17_aarch64.manylinux_2_28_aarch64.whl", hash = "sha256:2645b7d8a738763b664a12a1542c89c940daa55196e8d73e55b169cc5c99f65f", size = 3278825, upload-time = "2026-03-02T15:50:38.269Z" },
    { url = "https://files.pythonhosted.org/packages/fe/88/cb59509e4668d8001818d7355d9995be90c321313078c912420603a7cb95/sqlalchemy-2.0.48-cp313-cp313-manylinux2014_x86_64.manylinux_2_17_x86_64.manylinux_2_28_x86_64.whl", hash = "sha256:b19151e76620a412c2ac1c6f977ab1b9fa7ad43140178345136456d5265b32ed", size = 3295200, upload-time = "2026-03-02T15:53:29.366Z" },
    { url = "https://files.pythonhosted.org/packages/87/dc/1609a4442aefd750ea2f32629559394ec92e89ac1d621a7f462b70f736ff/sqlalchemy-2.0.48-cp313-cp313-musllinux_1_2_aarch64.whl", hash = "sha256:5b193a7e29fd9fa56e502920dca47dffe60f97c863494946bd698c6058a55658", size = 3226876, upload-time = "2026-03-02T15:50:39.802Z" },
    { url = "https://files.pythonhosted.org/packages/37/c3/6ae2ab5ea2fa989fbac4e674de01224b7a9d744becaf59bb967d62e99bed/sqlalchemy-2.0.48-cp313-cp313-musllinux_1_2_x86_64.whl", hash = "sha256:36ac4ddc3d33e852da9cb00ffb08cea62ca05c39711dc67062ca2bb1fae35fd8", size = 3265045, upload-time = "2026-03-02T15:53:31.421Z" },
    { url = "https://files.pythonhosted.org/packages/6f/82/ea4665d1bb98c50c19666e672f21b81356bd6077c4574e3d2bbb84541f53/sqlalchemy-2.0.48-cp313-cp313-win32.whl", hash = "sha256:389b984139278f97757ea9b08993e7b9d1142912e046ab7d82b3fbaeb0209131", size = 2113700, upload-time = "2026-03-02T15:54:35.825Z" },
    { url = "https://files.pythonhosted.org/packages/b7/2b/b9040bec58c58225f073f5b0c1870defe1940835549dafec680cbd58c3c3/sqlalchemy-2.0.48-cp313-cp313-win_amd64.whl", hash = "sha256:d612c976cbc2d17edfcc4c006874b764e85e990c29ce9bd411f926bbfb02b9a2", size = 2139487, upload-time = "2026-03-02T15:54:37.079Z" },
    { url = "https://files.pythonhosted.org/packages/f4/f4/7b17bd50244b78a49d22cc63c969d71dc4de54567dc152a9b46f6fae40ce/sqlalchemy-2.0.48-cp313-cp313t-manylinux2014_aarch64.manylinux_2_17_aarch64.manylinux_2_28_aarch64.whl", hash = "sha256:69f5bc24904d3bc3640961cddd2523e361257ef68585d6e364166dfbe8c78fae", size = 3558851, upload-time = "2026-03-02T15:57:48.607Z" },
    { url = "https://files.pythonhosted.org/packages/20/0d/213668e9aca61d370f7d2a6449ea4ec699747fac67d4bda1bb3d129025be/sqlalchemy-2.0.48-cp313-cp313t-manylinux2014_x86_64.manylinux_2_17_x86_64.manylinux_2_28_x86_64.whl", hash = "sha256:fd08b90d211c086181caed76931ecfa2bdfc83eea3cfccdb0f82abc6c4b876cb", size = 3525525, upload-time = "2026-03-02T16:04:38.058Z" },
    { url = "https://files.pythonhosted.org/packages/85/d7/a84edf412979e7d59c69b89a5871f90a49228360594680e667cb2c46a828/sqlalchemy-2.0.48-cp313-cp313t-musllinux_1_2_aarch64.whl", hash = "sha256:1ccd42229aaac2df431562117ac7e667d702e8e44afdb6cf0e50fa3f18160f0b", size = 3466611, upload-time = "2026-03-02T15:57:50.759Z" },
    { url = "https://files.pythonhosted.org/packages/86/55/42404ce5770f6be26a2b0607e7866c31b9a4176c819e9a7a5e0a055770be/sqlalchemy-2.0.48-cp313-cp313t-musllinux_1_2_x86_64.whl", hash = "sha256:f0dcbc588cd5b725162c076eb9119342f6579c7f7f55057bb7e3c6ff27e13121", size = 3475812, upload-time = "2026-03-02T16:04:40.092Z" },
    { url = "https://files.pythonhosted.org/packages/ae/ae/29b87775fadc43e627cf582fe3bda4d02e300f6b8f2747c764950d13784c/sqlalchemy-2.0.48-cp313-cp313t-win32.whl", hash = "sha256:9764014ef5e58aab76220c5664abb5d47d5bc858d9debf821e55cfdd0f128485", size = 2141335, upload-time = "2026-03-02T15:52:51.518Z" },
    { url = "https://files.pythonhosted.org/packages/91/44/f39d063c90f2443e5b46ec4819abd3d8de653893aae92df42a5c4f5843de/sqlalchemy-2.0.48-cp313-cp313t-win_amd64.whl", hash = "sha256:e2f35b4cccd9ed286ad62e0a3c3ac21e06c02abc60e20aa51a3e305a30f5fa79", size = 2173095, upload-time = "2026-03-02T15:52:52.79Z" },
    { url = "https://files.pythonhosted.org/packages/46/2c/9664130905f03db57961b8980b05cab624afd114bf2be2576628a9f22da4/sqlalchemy-2.0.48-py3-none-any.whl", hash = "sha256:a66fe406437dd65cacd96a72689a3aaaecaebbcd62d81c5ac1c0fdbeac835096", size = 1940202, upload-time = "2026-03-02T15:52:43.285Z" },
]

[[package]]
name = "starlette"
version = "0.27.0"
source = { registry = "https://pypi.org/simple" }
dependencies = [
    { name = "anyio" },
]
sdist = { url = "https://files.pythonhosted.org/packages/06/68/559bed5484e746f1ab2ebbe22312f2c25ec62e4b534916d41a8c21147bf8/starlette-0.27.0.tar.gz", hash = "sha256:6a6b0d042acb8d469a01eba54e9cda6cbd24ac602c4cd016723117d6a7e73b75", size = 51394, upload-time = "2023-05-16T10:59:56.286Z" }
wheels = [
    { url = "https://files.pythonhosted.org/packages/58/f8/e2cca22387965584a409795913b774235752be4176d276714e15e1a58884/starlette-0.27.0-py3-none-any.whl", hash = "sha256:918416370e846586541235ccd38a474c08b80443ed31c578a418e2209b3eef91", size = 66978, upload-time = "2023-05-16T10:59:53.927Z" },
]

[[package]]
name = "statiegeld"
version = "0.1.0"
source = { editable = "." }
dependencies = [
    { name = "fastapi" },
    { name = "httpx" },
    { name = "itsdangerous" },
    { name = "jinja2" },
    { name = "pydantic" },
    { name = "python-multipart" },
    { name = "sqladmin" },
    { name = "sqlalchemy" },
    { name = "uvicorn" },
]

[package.dev-dependencies]
dev = [
    { name = "ruff" },
]

[package.metadata]
requires-dist = [
    { name = "fastapi", specifier = ">=0.95,<0.100" },
    { name = "httpx" },
    { name = "itsdangerous" },
    { name = "jinja2" },
    { name = "pydantic", specifier = ">=1.10,<2" },
    { name = "python-multipart" },
    { name = "sqladmin" },
    { name = "sqlalchemy" },
    { name = "uvicorn" },
]

[package.metadata.requires-dev]
dev = [{ name = "ruff", specifier = ">=0.15.9" }]

[[package]]
name = "typing-extensions"
version = "4.15.0"
source = { registry = "https://pypi.org/simple" }
sdist = { url = "https://files.pythonhosted.org/packages/72/94/1a15dd82efb362ac84269196e94cf00f187f7ed21c242792a923cdb1c61f/typing_extensions-4.15.0.tar.gz", hash = "sha256:0cea48d173cc12fa28ecabc3b837ea3cf6f38c6d1136f85cbaaf598984861466", size = 109391, upload-time = "2025-08-25T13:49:26.313Z" }
wheels = [
    { url = "https://files.pythonhosted.org/packages/18/67/36e9267722cc04a6b9f15c7f3441c2363321a3ea07da7ae0c0707beb2a9c/typing_extensions-4.15.0-py3-none-any.whl", hash = "sha256:f0fa19c6845758ab08074a0cfa8b7aecb71c999ca73d62883bc25cc018c4e548", size = 44614, upload-time = "2025-08-25T13:49:24.86Z" },
]

[[package]]
name = "uvicorn"
version = "0.42.0"
source = { registry = "https://pypi.org/simple" }
dependencies = [
    { name = "click" },
    { name = "h11" },
]
sdist = { url = "https://files.pythonhosted.org/packages/e3/ad/4a96c425be6fb67e0621e62d86c402b4a17ab2be7f7c055d9bd2f638b9e2/uvicorn-0.42.0.tar.gz", hash = "sha256:9b1f190ce15a2dd22e7758651d9b6d12df09a13d51ba5bf4fc33c383a48e1775", size = 85393, upload-time = "2026-03-16T06:19:50.077Z" }
wheels = [
    { url = "https://files.pythonhosted.org/packages/0a/89/f8827ccff89c1586027a105e5630ff6139a64da2515e24dafe860bd9ae4d/uvicorn-0.42.0-py3-none-any.whl", hash = "sha256:96c30f5c7abe6f74ae8900a70e92b85ad6613b745d4879eb9b16ccad15645359", size = 68830, upload-time = "2026-03-16T06:19:48.325Z" },
]

[[package]]
name = "wtforms"
version = "3.1.2"
source = { registry = "https://pypi.org/simple" }
dependencies = [
    { name = "markupsafe" },
]
sdist = { url = "https://files.pythonhosted.org/packages/6a/c7/96d10183c3470f1836846f7b9527d6cb0b6c2226ebca40f36fa29f23de60/wtforms-3.1.2.tar.gz", hash = "sha256:f8d76180d7239c94c6322f7990ae1216dae3659b7aa1cee94b6318bdffb474b9", size = 134705, upload-time = "2024-01-06T07:52:41.075Z" }
wheels = [
    { url = "https://files.pythonhosted.org/packages/18/19/c3232f35e24dccfad372e9f341c4f3a1166ae7c66e4e1351a9467c921cc1/wtforms-3.1.2-py3-none-any.whl", hash = "sha256:bf831c042829c8cdbad74c27575098d541d039b1faa74c771545ecac916f2c07", size = 145961, upload-time = "2024-01-06T07:52:43.023Z" },
]
